
Microsoft Visual Studio Solution File, Format Version 12.00
# Visual Studio Version 16
VisualStudioVersion = 16.0.30011.22
MinimumVisualStudioVersion = 10.0.40219.1
Project("{FAE04EC0-301F-11D3-BF4B-00C04F79EFBC}") = "BankovniPrikladPatek", "BankovniPrikladPatek\BankovniPrikladPatek.csproj", "{21DC0EB7-AA3E-4760-AED2-9C653CEA4BBA}"
EndProject
Project("{FAE04EC0-301F-11D3-BF4B-00C04F79EFBC}") = "BankovniPrikladPatekTests", "BankovniPrikladPatekTests\BankovniPrikladPatekTests.csproj", "{16DE5C21-4B62-4F1A-A2CA-FBF22209755B}"
EndProject
Global
	GlobalSection(SolutionConfigurationPlatforms) = preSolution
		Debug|Any CPU = Debug|Any CPU
		Release|Any CPU = Release|Any CPU
	EndGlobalSection
	GlobalSection(ProjectConfigurationPlatforms) = postSolution
		{21DC0EB7-AA3E-4760-AED2-9C653CEA4BBA}.Debug|Any CPU.ActiveCfg = Debug|Any CPU
		{21DC0EB7-AA3E-4760-AED2-9C653CEA4BBA}.Debug|Any CPU.Build.0 = Debug|Any CPU
		{21DC0EB7-AA3E-4760-AED2-9C653CEA4BBA}.Release|Any CPU.ActiveCfg = Release|Any CPU
		{21DC0EB7-AA3E-4760-AED2-9C653CEA4BBA}.Release|Any CPU.Build.0 = Release|Any CPU
		{16DE5C21-4B62-4F1A-A2CA-FBF22209755B}.Debug|Any CPU.ActiveCfg = Debug|Any CPU
		{16DE5C21-4B62-4F1A-A2CA-FBF22209755B}.Debug|Any CPU.Build.0 = Debug|Any CPU
		{16DE5C21-4B62-4F1A-A2CA-FBF22209755B}.Release|Any CPU.ActiveCfg = Release|Any CPU
		{16DE5C21-4B62-4F1A-A2CA-FBF22209755B}.Release|Any CPU.Build.0 = Release|Any CPU
	EndGlobalSection
	GlobalSection(SolutionProperties) = preSolution
		HideSolutionNode = FALSE
	EndGlobalSection
	GlobalSection(ExtensibilityGlobals) = postSolution
		SolutionGuid = {5E3A6DB5-03D2-4C6E-ACAF-A6B0334A1DED}
	EndGlobalSection
EndGlobal
